// !$*UTF8*$!
{
	archiveVersion = 1;
	classes = {
	};
	objectVersion = 50;
	objects = {

/* Begin PBXBuildFile section */
		418E73F526B07F4400F039BE /* AppDelegate.swift in Sources */ = {isa = PBXBuildFile; fileRef = 418E73F426B07F4400F039BE /* AppDelegate.swift */; };
		418E73F726B07F4400F039BE /* SceneDelegate.swift in Sources */ = {isa = PBXBuildFile; fileRef = 418E73F626B07F4400F039BE /* SceneDelegate.swift */; };
		418E73F926B07F4400F039BE /* ViewController.swift in Sources */ = {isa = PBXBuildFile; fileRef = 418E73F826B07F4400F039BE /* ViewController.swift */; };
		418E73FC26B07F4400F039BE /* Main.storyboard in Resources */ = {isa = PBXBuildFile; fileRef = 418E73FA26B07F4400F039BE /* Main.storyboard */; };
		418E73FE26B07F4600F039BE /* Assets.xcassets in Resources */ = {isa = PBXBuildFile; fileRef = 418E73FD26B07F4600F039BE /* Assets.xcassets */; };
		418E740126B07F4600F039BE /* LaunchScreen.storyboard in Resources */ = {isa = PBXBuildFile; fileRef = 418E73FF26B07F4600F039BE /* LaunchScreen.storyboard */; };
		418E740926B083AE00F039BE /* Model.swift in Sources */ = {isa = PBXBuildFile; fileRef = 418E740826B083AE00F039BE /* Model.swift */; };
		418E740B26B0D42000F039BE /* QuizViewController.swift in Sources */ = {isa = PBXBuildFile; fileRef = 418E740A26B0D42000F039BE /* QuizViewController.swift */; };
/* End PBXBuildFile section */

/* Begin PBXFileReference section */
		418E73F126B07F4400F039BE /* Nephew.app */ = {isa = PBXFileReference; explicitFileType = wrapper.application; includeInIndex = 0; path = Nephew.app; sourceTree = BUILT_PRODUCTS_DIR; };
		418E73F426B07F4400F039BE /* AppDelegate.swift */ = {isa = PBXFileReference; lastKnownFileType = sourcecode.swift; path = AppDelegate.swift; sourceTree = "<group>"; };
		418E73F626B07F4400F039BE /* SceneDelegate.swift */ = {isa = PBXFileReference; lastKnownFileType = sourcecode.swift; path = SceneDelegate.swift; sourceTree = "<group>"; };
		418E73F826B07F4400F039BE /* ViewController.swift */ = {isa = PBXFileReference; lastKnownFileType = sourcecode.swift; path = ViewController.swift; sourceTree = "<group>"; };
		418E73FB26B07F4400F039BE /* Base */ = {isa = PBXFileReference; lastKnownFileType = file.storyboard; name = Base; path = Base.lproj/Main.storyboard; sourceTree = "<group>"; };
		418E73FD26B07F4600F039BE /* Assets.xcassets */ = {isa = PBXFileReference; lastKnownFileType = folder.assetcatalog; path = Assets.xcassets; sourceTree = "<group>"; };
		418E740026B07F4600F039BE /* Base */ = {isa = PBXFileReference; lastKnownFileType = file.storyboard; name = Base; path = Base.lproj/LaunchScreen.storyboard; sourceTree = "<group>"; };
		418E740226B07F4600F039BE /* Info.plist */ = {isa = PBXFileReference; lastKnownFileType = text.plist.xml; path = Info.plist; sourceTree = "<group>"; };
		418E740826B083AE00F039BE /* Model.swift */ = {isa = PBXFileReference; lastKnownFileType = sourcecode.swift; path = Model.swift; sourceTree = "<group>"; };
		418E740A26B0D42000F039BE /* QuizViewController.swift */ = {isa = PBXFileReference; lastKnownFileType = sourcecode.swift; path = QuizViewController.swift; sourceTree = "<group>"; };
/* End PBXFileReference section */

/* Begin PBXFrameworksBuildPhase section */
		418E73EE26B07F4400F039BE /* Frameworks */ = {
			isa = PBXFrameworksBuildPhase;
			buildActionMask = 2147483647;
			files = (
			);
			runOnlyForDeploymentPostprocessing = 0;
		};
/* End PBXFrameworksBuildPhase section */

/* Begin PBXGroup section */
		418E73E826B07F4400F039BE = {
			isa = PBXGroup;
			children = (
				418E73F326B07F4400F039BE /* Nephew */,
				418E73F226B07F4400F039BE /* Products */,
			);
			sourceTree = "<group>";
		};
		418E73F226B07F4400F039BE /* Products */ = {
			isa = PBXGroup;
			children = (
				418E73F126B07F4400F039BE /* Nephew.app */,
			);
			name = Products;
			sourceTree = "<group>";
		};
		418E73F326B07F4400F039BE /* Nephew */ = {
			isa = PBXGroup;
			children = (
				418E73F426B07F4400F039BE /* AppDelegate.swift */,
				418E73F626B07F4400F039BE /* SceneDelegate.swift */,
				418E73F826B07F4400F039BE /* ViewController.swift */,
				418E73FA26B07F4400F039BE /* Main.storyboard */,
				418E740A26B0D42000F039BE /* QuizViewController.swift */,
				418E73FD26B07F4600F039BE /* Assets.xcassets */,
				418E73FF26B07F4600F039BE /* LaunchScreen.storyboard */,
				418E740226B07F4600F039BE /* Info.plist */,
				418E740826B083AE00F039BE /* Model.swift */,
			);
			path = Nephew;
			sourceTree = "<group>";
		};
/* End PBXGroup section */

/* Begin PBXNativeTarget section */
		418E73F026B07F4400F039BE /* Nephew */ = {
			isa = PBXNativeTarget;
			buildConfigurationList = 418E740526B07F4600F039BE /* Build configuration list for PBXNativeTarget "Nephew" */;
			buildPhases = (
				418E73ED26B07F4400F039BE /* Sources */,
				418E73EE26B07F4400F039BE /* Frameworks */,
				418E73EF26B07F4400F039BE /* Resources */,
			);
			buildRules = (
			);
			dependencies = (
			);
			name = Nephew;
			productName = Nephew;
			productReference = 418E73F126B07F4400F039BE /* Nephew.app */;
			productType = "com.apple.product-type.application";
		};
/* End PBXNativeTarget section */

/* Begin PBXProject section */
		418E73E926B07F4400F039BE /* Project object */ = {
			isa = PBXProject;
			attributes = {
				LastSwiftUpdateCheck = 1250;
				LastUpgradeCheck = 1250;
				TargetAttributes = {
					418E73F026B07F4400F039BE = {
						CreatedOnToolsVersion = 12.5.1;
					};
				};
			};
			buildConfigurationList = 418E73EC26B07F4400F039BE /* Build configuration list for PBXProject "Nephew" */;
			compatibilityVersion = "Xcode 9.3";
			developmentRegion = en;
			hasScannedForEncodings = 0;
			knownRegions = (
				en,
				Base,
			);
			mainGroup = 418E73E826B07F4400F039BE;
			productRefGroup = 418E73F226B07F4400F039BE /* Products */;
			projectDirPath = "";
			projectRoot = "";
			targets = (
				418E73F026B07F4400F039BE /* Nephew */,
			);
		};
/* End PBXProject section */

/* Begin PBXResourcesBuildPhase section */
		418E73EF26B07F4400F039BE /* Resources */ = {
			isa = PBXResourcesBuildPhase;
			buildActionMask = 2147483647;
			files = (
				418E740126B07F4600F039BE /* LaunchScreen.storyboard in Resources */,
				418E73FE26B07F4600F039BE /* Assets.xcassets in Resources */,
				418E73FC26B07F4400F039BE /* Main.storyboard in Resources */,
			);
			runOnlyForDeploymentPostprocessing = 0;
		};
/* End PBXResourcesBuildPhase section */

/* Begin PBXSourcesBuildPhase section */
		418E73ED26B07F4400F039BE /* Sources */ = {
			isa = PBXSourcesBuildPhase;
			buildActionMask = 2147483647;
			files = (
				418E73F926B07F4400F039BE /* ViewController.swift in Sources */,
				418E740B26B0D42000F039BE /* QuizViewController.swift in Sources */,
				418E73F526B07F4400F039BE /* AppDelegate.swift in Sources */,
				418E73F726B07F4400F039BE /* SceneDelegate.swift in Sources */,
				418E740926B083AE00F039BE /* Model.swift in Sources */,
			);
			runOnlyForDeploymentPostprocessing = 0;
		};
/* End PBXSourcesBuildPhase section */

/* Begin PBXVariantGroup section */
		418E73FA26B07F4400F039BE /* Main.storyboard */ = {
			isa = PBXVariantGroup;
			children = (
				418E73FB26B07F4400F039BE /* Base */,
			);
			name = Main.storyboard;
			sourceTree = "<group>";
		};
		418E73FF26B07F4600F039BE /* LaunchScreen.storyboard */ = {
			isa = PBXVariantGroup;
			children = (
				418E740026B07F4600F039BE /* Base */,
			);
			name = LaunchScreen.storyboard;
			sourceTree = "<group>";
		};
/* End PBXVariantGroup section */

/* Begin XCBuildConfiguration section */
		418E740326B07F4600F039BE /* Debug */ = {
			isa = XCBuildConfiguration;
			buildSettings = {
				ALWAYS_SEARCH_USER_PATHS = NO;
				CLANG_ANALYZER_NONNULL = YES;
				CLANG_ANALYZER_NUMBER_OBJECT_CONVERSION = YES_AGGRESSIVE;
				CLANG_CXX_LANGUAGE_STANDARD = "gnu++14";
				CLANG_CXX_LIBRARY = "libc++";
				CLANG_ENABLE_MODULES = YES;
				CLANG_ENABLE_OBJC_ARC = YES;
				CLANG_ENABLE_OBJC_WEAK = YES;
				CLANG_WARN_BLOCK_CAPTURE_AUTORELEASING = YES;
				CLANG_WARN_BOOL_CONVERSION = YES;
				CLANG_WARN_COMMA = YES;
				CLANG_WARN_CONSTANT_CONVERSION = YES;
				CLANG_WARN_DEPRECATED_OBJC_IMPLEMENTATIONS = YES;
				CLANG_WARN_DIRECT_OBJC_ISA_USAGE = YES_ERROR;
				CLANG_WARN_DOCUMENTATION_COMMENTS = YES;
				CLANG_WARN_EMPTY_BODY = YES;
				CLANG_WARN_ENUM_CONVERSION = YES;
				CLANG_WARN_INFINITE_RECURSION = YES;
				CLANG_WARN_INT_CONVERSION = YES;
				CLANG_WARN_NON_LITERAL_NULL_CONVERSION = YES;
				CLANG_WARN_OBJC_IMPLICIT_RETAIN_SELF = YES;
				CLANG_WARN_OBJC_LITERAL_CONVERSION = YES;
				CLANG_WARN_OBJC_ROOT_CLASS = YES_ERROR;
				CLANG_WARN_QUOTED_INCLUDE_IN_FRAMEWORK_HEADER = YES;
				CLANG_WARN_RANGE_LOOP_ANALYSIS = YES;
				CLANG_WARN_STRICT_PROTOTYPES = YES;
				CLANG_WARN_SUSPICIOUS_MOVE = YES;
				CLANG_WARN_UNGUARDED_AVAILABILITY = YES_AGGRESSIVE;
				CLANG_WARN_UNREACHABLE_CODE = YES;
				CLANG_WARN__DUPLICATE_METHOD_MATCH = YES;
				COPY_PHASE_STRIP = NO;
				DEBUG_INFORMATION_FORMAT = dwarf;
				ENABLE_STRICT_OBJC_MSGSEND = YES;
				ENABLE_TESTABILITY = YES;
				GCC_C_LANGUAGE_STANDARD = gnu11;
				GCC_DYNAMIC_NO_PIC = NO;
				GCC_NO_COMMON_BLOCKS = YES;
				GCC_OPTIMIZATION_LEVEL = 0;
				GCC_PREPROCESSOR_DEFINITIONS = (
					"DEBUG=1",
					"$(inherited)",
				);
				GCC_WARN_64_TO_32_BIT_CONVERSION = YES;
				GCC_WARN_ABOUT_RETURN_TYPE = YES_ERROR;
				GCC_WARN_UNDECLARED_SELECTOR = YES;
				GCC_WARN_UNINITIALIZED_AUTOS = YES_AGGRESSIVE;
				GCC_WARN_UNUSED_FUNCTION = YES;
				GCC_WARN_UNUSED_VARIABLE = YES;
				IPHONEOS_DEPLOYMENT_TARGET = 14.5;
				MTL_ENABLE_DEBUG_INFO = INCLUDE_SOURCE;
				MTL_FAST_MATH = YES;
				ONLY_ACTIVE_ARCH = YES;
				SDKROOT = iphoneos;
				SWIFT_ACTIVE_COMPILATION_CONDITIONS = DEBUG;
				SWIFT_OPTIMIZATION_LEVEL = "-Onone";
			};
			name = Debug;
		};
		418E740426B07F4600F039BE /* Release */ = {
			isa = XCBuildConfiguration;
			buildSettings = {
				ALWAYS_SEARCH_USER_PATHS = NO;
				CLANG_ANALYZER_NONNULL = YES;
				CLANG_ANALYZER_NUMBER_OBJECT_CONVERSION = YES_AGGRESSIVE;
				CLANG_CXX_LANGUAGE_STANDARD = "gnu++14";
				CLANG_CXX_LIBRARY = "libc++";
				CLANG_ENABLE_MODULES = YES;
				CLANG_ENABLE_OBJC_ARC = YES;
				CLANG_ENABLE_OBJC_WEAK = YES;
				CLANG_WARN_BLOCK_CAPTURE_AUTORELEASING = YES;
				CLANG_WARN_BOOL_CONVERSION = YES;
				CLANG_WARN_COMMA = YES;
				CLANG_WARN_CONSTANT_CONVERSION = YES;
				CLANG_WARN_DEPRECATED_OBJC_IMPLEMENTATIONS = YES;
				CLANG_WARN_DIRECT_OBJC_ISA_USAGE = YES_ERROR;
				CLANG_WARN_DOCUMENTATION_COMMENTS = YES;
				CLANG_WARN_EMPTY_BODY = YES;
				CLANG_WARN_ENUM_CONVERSION = YES;
				CLANG_WARN_INFINITE_RECURSION = YES;
				CLANG_WARN_INT_CONVERSION = YES;
				CLANG_WARN_NON_LITERAL_NULL_CONVERSION = YES;
				CLANG_WARN_OBJC_IMPLICIT_RETAIN_SELF = YES;
				CLANG_WARN_OBJC_LITERAL_CONVERSION = YES;
				CLANG_WARN_OBJC_ROOT_CLASS = YES_ERROR;
				CLANG_WARN_QUOTED_INCLUDE_IN_FRAMEWORK_HEADER = YES;
				CLANG_WARN_RANGE_LOOP_ANALYSIS = YES;
				CLANG_WARN_STRICT_PROTOTYPES = YES;
				CLANG_WARN_SUSPICIOUS_MOVE = YES;
				CLANG_WARN_UNGUARDED_AVAILABILITY = YES_AGGRESSIVE;
				CLANG_WARN_UNREACHABLE_CODE = YES;
				CLANG_WARN__DUPLICATE_METHOD_MATCH = YES;
				COPY_PHASE_STRIP = NO;
				DEBUG_INFORMATION_FORMAT = "dwarf-with-dsym";
				ENABLE_NS_ASSERTIONS = NO;
				ENABLE_STRICT_OBJC_MSGSEND = YES;
				GCC_C_LANGUAGE_STANDARD = gnu11;
				GCC_NO_COMMON_BLOCKS = YES;
				GCC_WARN_64_TO_32_BIT_CONVERSION = YES;
				GCC_WARN_ABOUT_RETURN_TYPE = YES_ERROR;
				GCC_WARN_UNDECLARED_SELECTOR = YES;
				GCC_WARN_UNINITIALIZED_AUTOS = YES_AGGRESSIVE;
				GCC_WARN_UNUSED_FUNCTION = YES;
				GCC_WARN_UNUSED_VARIABLE = YES;
				IPHONEOS_DEPLOYMENT_TARGET = 14.5;
				MTL_ENABLE_DEBUG_INFO = NO;
				MTL_FAST_MATH = YES;
				SDKROOT = iphoneos;
				SWIFT_COMPILATION_MODE = wholemodule;
				SWIFT_OPTIMIZATION_LEVEL = "-O";
				VALIDATE_PRODUCT = YES;
			};
			name = Release;
		};
		418E740626B07F4600F039BE /* Debug */ = {
			isa = XCBuildConfiguration;
			buildSettings = {
				ASSETCATALOG_COMPILER_APPICON_NAME = AppIcon;
				ASSETCATALOG_COMPILER_GLOBAL_ACCENT_COLOR_NAME = AccentColor;
				CODE_SIGN_STYLE = Automatic;
				DEVELOPMENT_TEAM = U77829B9P3;
				INFOPLIST_FILE = Nephew/Info.plist;
				LD_RUNPATH_SEARCH_PATHS = (
					"$(inherited)",
					"@executable_path/Frameworks",
				);
				PRODUCT_BUNDLE_IDENTIFIER = br.com.daneonishi.Nephew;
				PRODUCT_NAME = "$(TARGET_NAME)";
				SWIFT_VERSION = 5.0;
				TARGETED_DEVICE_FAMILY = "1,2";
			};
			name = Debug;
		};
		418E740726B07F4600F039BE /* Release */ = {
			isa = XCBuildConfiguration;
			buildSettings = {
				ASSETCATALOG_COMPILER_APPICON_NAME = AppIcon;
				ASSETCATALOG_COMPILER_GLOBAL_ACCENT_COLOR_NAME = AccentColor;
				CODE_SIGN_STYLE = Automatic;
				DEVELOPMENT_TEAM = U77829B9P3;
				INFOPLIST_FILE = Nephew/Info.plist;
				LD_RUNPATH_SEARCH_PATHS = (
					"$(inherited)",
					"@executable_path/Frameworks",
				);
				PRODUCT_BUNDLE_IDENTIFIER = br.com.daneonishi.Nephew;
				PRODUCT_NAME = "$(TARGET_NAME)";
				SWIFT_VERSION = 5.0;
				TARGETED_DEVICE_FAMILY = "1,2";
			};
			name = Release;
		};
/* End XCBuildConfiguration section */

/* Begin XCConfigurationList section */
		418E73EC26B07F4400F039BE /* Build configuration list for PBXProject "Nephew" */ = {
			isa = XCConfigurationList;
			buildConfigurations = (
				418E740326B07F4600F039BE /* Debug */,
				418E740426B07F4600F039BE /* Release */,
			);
			defaultConfigurationIsVisible = 0;
			defaultConfigurationName = Release;
		};
		418E740526B07F4600F039BE /* Build configuration list for PBXNativeTarget "Nephew" */ = {
			isa = XCConfigurationList;
			buildConfigurations = (
				418E740626B07F4600F039BE /* Debug */,
				418E740726B07F4600F039BE /* Release */,
			);
			defaultConfigurationIsVisible = 0;
			defaultConfigurationName = Release;
		};
/* End XCConfigurationList section */
	};
	rootObject = 418E73E926B07F4400F039BE /* Project object */;
}
